// !$*UTF8*$!
{
	archiveVersion = 1;
	classes = {
	};
	objectVersion = 63;
	objects = {

/* Begin PBXBuildFile section */
		00080CBB78F89CB9F8C8B988 /* WalletService.swift in Sources */ = {isa = PBXBuildFile; fileRef = 1B5646DB1E976CF63ABF9F40 /* WalletService.swift */; };
		06A7F1904896A39B74C818D4 /* HomeView.swift in Sources */ = {isa = PBXBuildFile; fileRef = 7E1B45A84ED480D231DB0F3E /* HomeView.swift */; };
		06E5FB93083E159CF178EA72 /* RootView.swift in Sources */ = {isa = PBXBuildFile; fileRef = 530FFD4549C2AEF1643DAD80 /* RootView.swift */; };
		0C058FE795ABED50F60AA2D3 /* StreamPlayerView.swift in Sources */ = {isa = PBXBuildFile; fileRef = 99EF66763A3F3872A731A305 /* StreamPlayerView.swift */; };
		108C51F907410CEA178FE53C /* BroadcastView.swift in Sources */ = {isa = PBXBuildFile; fileRef = 6E0E9CD40F0B6A4ABF55C8F2 /* BroadcastView.swift */; };
		1A629A4C4B7225CBBA9D86E3 /* LiveStreamApp.swift in Sources */ = {isa = PBXBuildFile; fileRef = FC237DDA5ED654DBBBBBCEBB /* LiveStreamApp.swift */; };
		38C418CB67019E458AE3A763 /* Stream.swift in Sources */ = {isa = PBXBuildFile; fileRef = 24157B8EDD7F20854F281D0A /* Stream.swift */; };
		848A9C4725E2C0301B8B8CF7 /* APIClient.swift in Sources */ = {isa = PBXBuildFile; fileRef = 5982C02DF66B10B56256A43C /* APIClient.swift */; };
		94D136FB20CE954896F5D0F9 /* HLSBroadcastService.swift in Sources */ = {isa = PBXBuildFile; fileRef = 6808337F3CC355E5424C9379 /* HLSBroadcastService.swift */; };
		9CE98421091D3C72763E1D74 /* LivePlayerView.swift in Sources */ = {isa = PBXBuildFile; fileRef = F77EB18C7AD055F84772894C /* LivePlayerView.swift */; };
		A2687ADCCED933B9CE0961C9 /* Constants.swift in Sources */ = {isa = PBXBuildFile; fileRef = 219AC2D35191188A4F1D51FD /* Constants.swift */; };
		C00C3F003460DB2F64A657BA /* AppState.swift in Sources */ = {isa = PBXBuildFile; fileRef = E41FB8199FA960BF2FE9FF5D /* AppState.swift */; };
		C3CEBBBB297952C7F98F29F1 /* StreamFeedView.swift in Sources */ = {isa = PBXBuildFile; fileRef = AFEC6C9C108DAC57F243ED2E /* StreamFeedView.swift */; };
		D0694D378946494AD7454E43 /* AuthView.swift in Sources */ = {isa = PBXBuildFile; fileRef = 4518FAF2EBBFFFE2B5C6950B /* AuthView.swift */; };
		FC42D1A343FD100FDECC2383 /* ProfileView.swift in Sources */ = {isa = PBXBuildFile; fileRef = 8E3923BC5961B534D38EC7C2 /* ProfileView.swift */; };
/* End PBXBuildFile section */

/* Begin PBXFileReference section */
		1B5646DB1E976CF63ABF9F40 /* WalletService.swift */ = {isa = PBXFileReference; lastKnownFileType = sourcecode.swift; path = WalletService.swift; sourceTree = "<group>"; };
		219AC2D35191188A4F1D51FD /* Constants.swift */ = {isa = PBXFileReference; lastKnownFileType = sourcecode.swift; path = Constants.swift; sourceTree = "<group>"; };
		24157B8EDD7F20854F281D0A /* Stream.swift */ = {isa = PBXFileReference; lastKnownFileType = sourcecode.swift; path = Stream.swift; sourceTree = "<group>"; };
		3AE0327B5A198CC84546687C /* LiveStream.app */ = {isa = PBXFileReference; explicitFileType = wrapper.application; includeInIndex = 0; path = LiveStream.app; sourceTree = BUILT_PRODUCTS_DIR; };
		4518FAF2EBBFFFE2B5C6950B /* AuthView.swift */ = {isa = PBXFileReference; lastKnownFileType = sourcecode.swift; path = AuthView.swift; sourceTree = "<group>"; };
		530FFD4549C2AEF1643DAD80 /* RootView.swift */ = {isa = PBXFileReference; lastKnownFileType = sourcecode.swift; path = RootView.swift; sourceTree = "<group>"; };
		5982C02DF66B10B56256A43C /* APIClient.swift */ = {isa = PBXFileReference; lastKnownFileType = sourcecode.swift; path = APIClient.swift; sourceTree = "<group>"; };
		6808337F3CC355E5424C9379 /* HLSBroadcastService.swift */ = {isa = PBXFileReference; lastKnownFileType = sourcecode.swift; path = HLSBroadcastService.swift; sourceTree = "<group>"; };
		6A9B3ED4DB45B6785364B22C /* Info.plist */ = {isa = PBXFileReference; lastKnownFileType = text.plist; path = Info.plist; sourceTree = "<group>"; };
		6E0E9CD40F0B6A4ABF55C8F2 /* BroadcastView.swift */ = {isa = PBXFileReference; lastKnownFileType = sourcecode.swift; path = BroadcastView.swift; sourceTree = "<group>"; };
		7E1B45A84ED480D231DB0F3E /* HomeView.swift */ = {isa = PBXFileReference; lastKnownFileType = sourcecode.swift; path = HomeView.swift; sourceTree = "<group>"; };
		8E3923BC5961B534D38EC7C2 /* ProfileView.swift */ = {isa = PBXFileReference; lastKnownFileType = sourcecode.swift; path = ProfileView.swift; sourceTree = "<group>"; };
		99EF66763A3F3872A731A305 /* StreamPlayerView.swift */ = {isa = PBXFileReference; lastKnownFileType = sourcecode.swift; path = StreamPlayerView.swift; sourceTree = "<group>"; };
		AFEC6C9C108DAC57F243ED2E /* StreamFeedView.swift */ = {isa = PBXFileReference; lastKnownFileType = sourcecode.swift; path = StreamFeedView.swift; sourceTree = "<group>"; };
		E41FB8199FA960BF2FE9FF5D /* AppState.swift */ = {isa = PBXFileReference; lastKnownFileType = sourcecode.swift; path = AppState.swift; sourceTree = "<group>"; };
		F77EB18C7AD055F84772894C /* LivePlayerView.swift */ = {isa = PBXFileReference; lastKnownFileType = sourcecode.swift; path = LivePlayerView.swift; sourceTree = "<group>"; };
		FC237DDA5ED654DBBBBBCEBB /* LiveStreamApp.swift */ = {isa = PBXFileReference; lastKnownFileType = sourcecode.swift; path = LiveStreamApp.swift; sourceTree = "<group>"; };
/* End PBXFileReference section */

/* Begin PBXGroup section */
		1597EB71B04F83D3C42F13E4 /* Products */ = {
			isa = PBXGroup;
			children = (
				3AE0327B5A198CC84546687C /* LiveStream.app */,
			);
			name = Products;
			sourceTree = "<group>";
		};
		19B41F69230AB1A2BFC294F9 /* Services */ = {
			isa = PBXGroup;
			children = (
				5982C02DF66B10B56256A43C /* APIClient.swift */,
				6808337F3CC355E5424C9379 /* HLSBroadcastService.swift */,
				1B5646DB1E976CF63ABF9F40 /* WalletService.swift */,
			);
			path = Services;
			sourceTree = "<group>";
		};
		574A890D83A67DCA0511951E /* Home */ = {
			isa = PBXGroup;
			children = (
				7E1B45A84ED480D231DB0F3E /* HomeView.swift */,
			);
			path = Home;
			sourceTree = "<group>";
		};
		5816D81D3D52E48605001237 /* Views */ = {
			isa = PBXGroup;
			children = (
				530FFD4549C2AEF1643DAD80 /* RootView.swift */,
				BF6F1FA8D60C592CC3BE43D9 /* Auth */,
				574A890D83A67DCA0511951E /* Home */,
				97F3E667650026C412DAED8A /* Profile */,
				A494561BCB30147C6BC43DF5 /* Stream */,
			);
			path = Views;
			sourceTree = "<group>";
		};
		71221B6AA81B93F31E02595E /* App */ = {
			isa = PBXGroup;
			children = (
				E41FB8199FA960BF2FE9FF5D /* AppState.swift */,
				FC237DDA5ED654DBBBBBCEBB /* LiveStreamApp.swift */,
			);
			path = App;
			sourceTree = "<group>";
		};
		772C3A67EA6B3C9359600A07 /* Models */ = {
			isa = PBXGroup;
			children = (
				24157B8EDD7F20854F281D0A /* Stream.swift */,
			);
			path = Models;
			sourceTree = "<group>";
		};
		7858A815328B444CBB11CCE7 /* Config */ = {
			isa = PBXGroup;
			children = (
				219AC2D35191188A4F1D51FD /* Constants.swift */,
			);
			path = Config;
			sourceTree = "<group>";
		};
		800127355AA296D62CC804B1 = {
			isa = PBXGroup;
			children = (
				EC2CB021486BFFDCBB86EA9F /* LiveStream */,
				1597EB71B04F83D3C42F13E4 /* Products */,
			);
			sourceTree = "<group>";
		};
		97F3E667650026C412DAED8A /* Profile */ = {
			isa = PBXGroup;
			children = (
				8E3923BC5961B534D38EC7C2 /* ProfileView.swift */,
			);
			path = Profile;
			sourceTree = "<group>";
		};
		A494561BCB30147C6BC43DF5 /* Stream */ = {
			isa = PBXGroup;
			children = (
				6E0E9CD40F0B6A4ABF55C8F2 /* BroadcastView.swift */,
				F77EB18C7AD055F84772894C /* LivePlayerView.swift */,
				AFEC6C9C108DAC57F243ED2E /* StreamFeedView.swift */,
				99EF66763A3F3872A731A305 /* StreamPlayerView.swift */,
			);
			path = Stream;
			sourceTree = "<group>";
		};
		BF6F1FA8D60C592CC3BE43D9 /* Auth */ = {
			isa = PBXGroup;
			children = (
				4518FAF2EBBFFFE2B5C6950B /* AuthView.swift */,
			);
			path = Auth;
			sourceTree = "<group>";
		};
		EC2CB021486BFFDCBB86EA9F /* LiveStream */ = {
			isa = PBXGroup;
			children = (
				6A9B3ED4DB45B6785364B22C /* Info.plist */,
				71221B6AA81B93F31E02595E /* App */,
				7858A815328B444CBB11CCE7 /* Config */,
				772C3A67EA6B3C9359600A07 /* Models */,
				19B41F69230AB1A2BFC294F9 /* Services */,
				5816D81D3D52E48605001237 /* Views */,
			);
			path = LiveStream;
			sourceTree = "<group>";
		};
/* End PBXGroup section */

/* Begin PBXNativeTarget section */
		D142A368B973EB3D859C5DB4 /* LiveStream */ = {
			isa = PBXNativeTarget;
			buildConfigurationList = 34074EB24B496E38C7AEF979 /* Build configuration list for PBXNativeTarget "LiveStream" */;
			buildPhases = (
				044475954E64E71FF9F49864 /* Sources */,
			);
			buildRules = (
			);
			dependencies = (
				5CB6BC742F811CB30070B497 /* PBXTargetDependency */,
			);
			name = LiveStream;
			packageProductDependencies = (
				5CD35C812F811389005FF6A9 /* DynamicSDKSwift */,
			);
			productName = LiveStream;
			productReference = 3AE0327B5A198CC84546687C /* LiveStream.app */;
			productType = "com.apple.product-type.application";
		};
/* End PBXNativeTarget section */

/* Begin PBXProject section */
		1BE510DB2332279DBCB6D143 /* Project object */ = {
			isa = PBXProject;
			attributes = {
				BuildIndependentTargetsInParallel = YES;
				LastUpgradeCheck = 2630;
				TargetAttributes = {
					D142A368B973EB3D859C5DB4 = {
						DevelopmentTeam = "";
					};
				};
			};
			buildConfigurationList = 2A2951974D768A6944E7C546 /* Build configuration list for PBXProject "LiveStream" */;
			compatibilityVersion = "Xcode 14.0";
			developmentRegion = en;
			hasScannedForEncodings = 0;
			knownRegions = (
				Base,
				en,
			);
			mainGroup = 800127355AA296D62CC804B1;
			minimizedProjectReferenceProxies = 1;
			packageReferences = (
				5CD35C802F811389005FF6A9 /* XCRemoteSwiftPackageReference "swift-sdk-and-sample-app" */,
			);
			projectDirPath = "";
			projectRoot = "";
			targets = (
				D142A368B973EB3D859C5DB4 /* LiveStream */,
			);
		};
/* End PBXProject section */

/* Begin PBXSourcesBuildPhase section */
		044475954E64E71FF9F49864 /* Sources */ = {
			isa = PBXSourcesBuildPhase;
			buildActionMask = 2147483647;
			files = (
				848A9C4725E2C0301B8B8CF7 /* APIClient.swift in Sources */,
				C00C3F003460DB2F64A657BA /* AppState.swift in Sources */,
				D0694D378946494AD7454E43 /* AuthView.swift in Sources */,
				108C51F907410CEA178FE53C /* BroadcastView.swift in Sources */,
				A2687ADCCED933B9CE0961C9 /* Constants.swift in Sources */,
				94D136FB20CE954896F5D0F9 /* HLSBroadcastService.swift in Sources */,
				06A7F1904896A39B74C818D4 /* HomeView.swift in Sources */,
				9CE98421091D3C72763E1D74 /* LivePlayerView.swift in Sources */,
				1A629A4C4B7225CBBA9D86E3 /* LiveStreamApp.swift in Sources */,
				FC42D1A343FD100FDECC2383 /* ProfileView.swift in Sources */,
				06E5FB93083E159CF178EA72 /* RootView.swift in Sources */,
				38C418CB67019E458AE3A763 /* Stream.swift in Sources */,
				C3CEBBBB297952C7F98F29F1 /* StreamFeedView.swift in Sources */,
				0C058FE795ABED50F60AA2D3 /* StreamPlayerView.swift in Sources */,
				00080CBB78F89CB9F8C8B988 /* WalletService.swift in Sources */,
			);
			runOnlyForDeploymentPostprocessing = 0;
		};
/* End PBXSourcesBuildPhase section */

/* Begin PBXTargetDependency section */
		5CB6BC742F811CB30070B497 /* PBXTargetDependency */ = {
			isa = PBXTargetDependency;
			productRef = 5CB6BC732F811CB30070B497 /* DynamicSDKSwift */;
		};
/* End PBXTargetDependency section */

/* Begin XCBuildConfiguration section */
		0713A8BEF46EDEB710DE39BD /* Debug */ = {
			isa = XCBuildConfiguration;
			buildSettings = {
				ASSETCATALOG_COMPILER_APPICON_NAME = AppIcon;
				CODE_SIGN_IDENTITY = "iPhone Developer";
				DEVELOPMENT_TEAM = "";
				INFOPLIST_FILE = LiveStream/Info.plist;
				IPHONEOS_DEPLOYMENT_TARGET = 17.0;
				LD_RUNPATH_SEARCH_PATHS = (
					"$(inherited)",
					"@executable_path/Frameworks",
				);
				PRODUCT_BUNDLE_IDENTIFIER = com.ethglobal.cannes2026.arcadia;
				SDKROOT = iphoneos;
				SWIFT_VERSION = 5.9;
				TARGETED_DEVICE_FAMILY = "1,2";
			};
			name = Debug;
		};
		8D5CCD34B8D7747A422B882E /* Release */ = {
			isa = XCBuildConfiguration;
			buildSettings = {
				ALWAYS_SEARCH_USER_PATHS = NO;
				ASSETCATALOG_COMPILER_GENERATE_SWIFT_ASSET_SYMBOL_EXTENSIONS = YES;
				CLANG_ANALYZER_NONNULL = YES;
				CLANG_ANALYZER_NUMBER_OBJECT_CONVERSION = YES_AGGRESSIVE;
				CLANG_CXX_LANGUAGE_STANDARD = "gnu++14";
				CLANG_CXX_LIBRARY = "libc++";
				CLANG_ENABLE_MODULES = YES;
				CLANG_ENABLE_OBJC_ARC = YES;
				CLANG_ENABLE_OBJC_WEAK = YES;
				CLANG_WARN_BLOCK_CAPTURE_AUTORELEASING = YES;
				CLANG_WARN_BOOL_CONVERSION = YES;
				CLANG_WARN_COMMA = YES;
				CLANG_WARN_CONSTANT_CONVERSION = YES;
				CLANG_WARN_DEPRECATED_OBJC_IMPLEMENTATIONS = YES;
				CLANG_WARN_DIRECT_OBJC_ISA_USAGE = YES_ERROR;
				CLANG_WARN_DOCUMENTATION_COMMENTS = YES;
				CLANG_WARN_EMPTY_BODY = YES;
				CLANG_WARN_ENUM_CONVERSION = YES;
				CLANG_WARN_INFINITE_RECURSION = YES;
				CLANG_WARN_INT_CONVERSION = YES;
				CLANG_WARN_NON_LITERAL_NULL_CONVERSION = YES;
				CLANG_WARN_OBJC_IMPLICIT_RETAIN_SELF = YES;
				CLANG_WARN_OBJC_LITERAL_CONVERSION = YES;
				CLANG_WARN_OBJC_ROOT_CLASS = YES_ERROR;
				CLANG_WARN_QUOTED_INCLUDE_IN_FRAMEWORK_HEADER = YES;
				CLANG_WARN_RANGE_LOOP_ANALYSIS = YES;
				CLANG_WARN_STRICT_PROTOTYPES = YES;
				CLANG_WARN_SUSPICIOUS_MOVE = YES;
				CLANG_WARN_UNGUARDED_AVAILABILITY = YES_AGGRESSIVE;
				CLANG_WARN_UNREACHABLE_CODE = YES;
				CLANG_WARN__DUPLICATE_METHOD_MATCH = YES;
				COPY_PHASE_STRIP = NO;
				DEBUG_INFORMATION_FORMAT = "dwarf-with-dsym";
				ENABLE_NS_ASSERTIONS = NO;
				ENABLE_STRICT_OBJC_MSGSEND = YES;
				ENABLE_USER_SCRIPT_SANDBOXING = YES;
				GCC_C_LANGUAGE_STANDARD = gnu11;
				GCC_NO_COMMON_BLOCKS = YES;
				GCC_WARN_64_TO_32_BIT_CONVERSION = YES;
				GCC_WARN_ABOUT_RETURN_TYPE = YES_ERROR;
				GCC_WARN_UNDECLARED_SELECTOR = YES;
				GCC_WARN_UNINITIALIZED_AUTOS = YES_AGGRESSIVE;
				GCC_WARN_UNUSED_FUNCTION = YES;
				GCC_WARN_UNUSED_VARIABLE = YES;
				IPHONEOS_DEPLOYMENT_TARGET = 17.0;
				MTL_ENABLE_DEBUG_INFO = NO;
				MTL_FAST_MATH = YES;
				PRODUCT_NAME = "$(TARGET_NAME)";
				SDKROOT = iphoneos;
				STRING_CATALOG_GENERATE_SYMBOLS = YES;
				SWIFT_COMPILATION_MODE = wholemodule;
				SWIFT_OPTIMIZATION_LEVEL = "-O";
				SWIFT_VERSION = 5.0;
			};
			name = Release;
		};
		D35197FBDC965E1E3E3DC076 /* Release */ = {
			isa = XCBuildConfiguration;
			buildSettings = {
				ASSETCATALOG_COMPILER_APPICON_NAME = AppIcon;
				CODE_SIGN_IDENTITY = "iPhone Developer";
				DEVELOPMENT_TEAM = "";
				INFOPLIST_FILE = LiveStream/Info.plist;
				IPHONEOS_DEPLOYMENT_TARGET = 17.0;
				LD_RUNPATH_SEARCH_PATHS = (
					"$(inherited)",
					"@executable_path/Frameworks",
				);
				PRODUCT_BUNDLE_IDENTIFIER = com.ethglobal.cannes2026.arcadia;
				SDKROOT = iphoneos;
				SWIFT_VERSION = 5.9;
				TARGETED_DEVICE_FAMILY = "1,2";
			};
			name = Release;
		};
		E8E8DA73800EA683F8509B60 /* Debug */ = {
			isa = XCBuildConfiguration;
			buildSettings = {
				ALWAYS_SEARCH_USER_PATHS = NO;
				ASSETCATALOG_COMPILER_GENERATE_SWIFT_ASSET_SYMBOL_EXTENSIONS = YES;
				CLANG_ANALYZER_NONNULL = YES;
				CLANG_ANALYZER_NUMBER_OBJECT_CONVERSION = YES_AGGRESSIVE;
				CLANG_CXX_LANGUAGE_STANDARD = "gnu++14";
				CLANG_CXX_LIBRARY = "libc++";
				CLANG_ENABLE_MODULES = YES;
				CLANG_ENABLE_OBJC_ARC = YES;
				CLANG_ENABLE_OBJC_WEAK = YES;
				CLANG_WARN_BLOCK_CAPTURE_AUTORELEASING = YES;
				CLANG_WARN_BOOL_CONVERSION = YES;
				CLANG_WARN_COMMA = YES;
				CLANG_WARN_CONSTANT_CONVERSION = YES;
				CLANG_WARN_DEPRECATED_OBJC_IMPLEMENTATIONS = YES;
				CLANG_WARN_DIRECT_OBJC_ISA_USAGE = YES_ERROR;
				CLANG_WARN_DOCUMENTATION_COMMENTS = YES;
				CLANG_WARN_EMPTY_BODY = YES;
				CLANG_WARN_ENUM_CONVERSION = YES;
				CLANG_WARN_INFINITE_RECURSION = YES;
				CLANG_WARN_INT_CONVERSION = YES;
				CLANG_WARN_NON_LITERAL_NULL_CONVERSION = YES;
				CLANG_WARN_OBJC_IMPLICIT_RETAIN_SELF = YES;
				CLANG_WARN_OBJC_LITERAL_CONVERSION = YES;
				CLANG_WARN_OBJC_ROOT_CLASS = YES_ERROR;
				CLANG_WARN_QUOTED_INCLUDE_IN_FRAMEWORK_HEADER = YES;
				CLANG_WARN_RANGE_LOOP_ANALYSIS = YES;
				CLANG_WARN_STRICT_PROTOTYPES = YES;
				CLANG_WARN_SUSPICIOUS_MOVE = YES;
				CLANG_WARN_UNGUARDED_AVAILABILITY = YES_AGGRESSIVE;
				CLANG_WARN_UNREACHABLE_CODE = YES;
				CLANG_WARN__DUPLICATE_METHOD_MATCH = YES;
				COPY_PHASE_STRIP = NO;
				DEBUG_INFORMATION_FORMAT = dwarf;
				ENABLE_STRICT_OBJC_MSGSEND = YES;
				ENABLE_TESTABILITY = YES;
				ENABLE_USER_SCRIPT_SANDBOXING = YES;
				GCC_C_LANGUAGE_STANDARD = gnu11;
				GCC_DYNAMIC_NO_PIC = NO;
				GCC_NO_COMMON_BLOCKS = YES;
				GCC_OPTIMIZATION_LEVEL = 0;
				GCC_PREPROCESSOR_DEFINITIONS = (
					"$(inherited)",
					"DEBUG=1",
				);
				GCC_WARN_64_TO_32_BIT_CONVERSION = YES;
				GCC_WARN_ABOUT_RETURN_TYPE = YES_ERROR;
				GCC_WARN_UNDECLARED_SELECTOR = YES;
				GCC_WARN_UNINITIALIZED_AUTOS = YES_AGGRESSIVE;
				GCC_WARN_UNUSED_FUNCTION = YES;
				GCC_WARN_UNUSED_VARIABLE = YES;
				IPHONEOS_DEPLOYMENT_TARGET = 17.0;
				MTL_ENABLE_DEBUG_INFO = INCLUDE_SOURCE;
				MTL_FAST_MATH = YES;
				ONLY_ACTIVE_ARCH = YES;
				PRODUCT_NAME = "$(TARGET_NAME)";
				SDKROOT = iphoneos;
				STRING_CATALOG_GENERATE_SYMBOLS = YES;
				SWIFT_ACTIVE_COMPILATION_CONDITIONS = DEBUG;
				SWIFT_OPTIMIZATION_LEVEL = "-Onone";
				SWIFT_VERSION = 5.0;
			};
			name = Debug;
		};
/* End XCBuildConfiguration section */

/* Begin XCConfigurationList section */
		2A2951974D768A6944E7C546 /* Build configuration list for PBXProject "LiveStream" */ = {
			isa = XCConfigurationList;
			buildConfigurations = (
				E8E8DA73800EA683F8509B60 /* Debug */,
				8D5CCD34B8D7747A422B882E /* Release */,
			);
			defaultConfigurationIsVisible = 0;
			defaultConfigurationName = Debug;
		};
		34074EB24B496E38C7AEF979 /* Build configuration list for PBXNativeTarget "LiveStream" */ = {
			isa = XCConfigurationList;
			buildConfigurations = (
				0713A8BEF46EDEB710DE39BD /* Debug */,
				D35197FBDC965E1E3E3DC076 /* Release */,
			);
			defaultConfigurationIsVisible = 0;
			defaultConfigurationName = Debug;
		};
/* End XCConfigurationList section */

/* Begin XCRemoteSwiftPackageReference section */
		5CD35C802F811389005FF6A9 /* XCRemoteSwiftPackageReference "swift-sdk-and-sample-app" */ = {
			isa = XCRemoteSwiftPackageReference;
			repositoryURL = "https://github.com/dynamic-labs/swift-sdk-and-sample-app";
			requirement = {
				kind = upToNextMajorVersion;
				minimumVersion = 1.0.2;
			};
		};
/* End XCRemoteSwiftPackageReference section */

/* Begin XCSwiftPackageProductDependency section */
		5CB6BC732F811CB30070B497 /* DynamicSDKSwift */ = {
			isa = XCSwiftPackageProductDependency;
			package = 5CD35C802F811389005FF6A9 /* XCRemoteSwiftPackageReference "swift-sdk-and-sample-app" */;
			productName = DynamicSDKSwift;
		};
		5CD35C812F811389005FF6A9 /* DynamicSDKSwift */ = {
			isa = XCSwiftPackageProductDependency;
			package = 5CD35C802F811389005FF6A9 /* XCRemoteSwiftPackageReference "swift-sdk-and-sample-app" */;
			productName = DynamicSDKSwift;
		};
/* End XCSwiftPackageProductDependency section */
	};
	rootObject = 1BE510DB2332279DBCB6D143 /* Project object */;
}
