{
  "originHash" : "26f57b5162c65d7ad9524c8c55d0283d2346b4b1a9968eb0ce689eb105682c8b",
  "pins" : [
    {
      "identity" : "swift-sdk-and-sample-app",
      "kind" : "remoteSourceControl",
      "location" : "https://github.com/dynamic-labs/swift-sdk-and-sample-app",
      "state" : {
        "revision" : "2903d4d70c477a8119108769a00363df1a5c7180",
        "version" : "1.0.11"
      }
    }
  ],
  "version" : 3
}
